PODS:
  - Flutter (1.0.0)
  - irondash_engine_context (0.0.1):
    - Flutter
  - super_native_extensions (0.0.1):
    - Flutter

DEPENDENCIES:
  - Flutter (from `Flutter`)
  - irondash_engine_context (from `.symlinks/plugins/irondash_engine_context/ios`)
  - super_native_extensions (from `.symlinks/plugins/super_native_extensions/ios`)

EXTERNAL SOURCES:
  Flutter:
    :path: Flutter
  irondash_engine_context:
    :path: ".symlinks/plugins/irondash_engine_context/ios"
  super_native_extensions:
    :path: ".symlinks/plugins/super_native_extensions/ios"

SPEC CHECKSUMS:
  Flutter: cabc95a1d2626b1b06e7179b784ebcf0c0cde467
  irondash_engine_context: 8e58ca8e0212ee9d1c7dc6a42121849986c88486
  super_native_extensions: b763c02dc3a8fd078389f410bf15149179020cb4

PODFILE CHECKSUM: 4f1c12611da7338d21589c0b2ecd6bd20b109694

COCOAPODS: 1.16.2
